
Microsoft Visual Studio Solution File, Format Version 12.00
# Visual Studio Version 17
VisualStudioVersion = 17.1.32210.238
MinimumVisualStudioVersion = 10.0.40219.1
Project("{FAE04EC0-301F-11D3-BF4B-00C04F79EFBC}") = "NotlyNote", "NotlyNote\NotlyNote.csproj", "{FDCB2424-62A3-4D65-BB44-0D7D3C371A30}"
EndProject
Global
	GlobalSection(SolutionConfigurationPlatforms) = preSolution
		Debug|Any CPU = Debug|Any CPU
		Release|Any CPU = Release|Any CPU
	EndGlobalSection
	GlobalSection(ProjectConfigurationPlatforms) = postSolution
		{FDCB2424-62A3-4D65-BB44-0D7D3C371A30}.Debug|Any CPU.ActiveCfg = Debug|Any CPU
		{FDCB2424-62A3-4D65-BB44-0D7D3C371A30}.Debug|Any CPU.Build.0 = Debug|Any CPU
		{FDCB2424-62A3-4D65-BB44-0D7D3C371A30}.Release|Any CPU.ActiveCfg = Release|Any CPU
		{FDCB2424-62A3-4D65-BB44-0D7D3C371A30}.Release|Any CPU.Build.0 = Release|Any CPU
	EndGlobalSection
	GlobalSection(SolutionProperties) = preSolution
		HideSolutionNode = FALSE
	EndGlobalSection
	GlobalSection(ExtensibilityGlobals) = postSolution
		SolutionGuid = {2C610011-604A-451C-838F-8F9F63FA0FD8}
	EndGlobalSection
EndGlobal
